<?xml version="1.0" encoding="utf-8"?>
<Project ToolsVersion="4.0" xmlns="http://schemas.microsoft.com/developer/msbuild/2003">
  <ItemGroup>
    <Filter Include="Source Files">
      <UniqueIdentifier>{4FC737F1-C7A5-4376-A066-2A32D752A2FF}</UniqueIdentifier>
      <Extensions>cpp;c;cc;cxx;c++;cppm;ixx;def;odl;idl;hpj;bat;asm;asmx</Extensions>
    </Filter>
    <Filter Include="Header Files">
      <UniqueIdentifier>{93995380-89BD-4b04-88EB-625FBE52EBFB}</UniqueIdentifier>
      <Extensions>h;hh;hpp;hxx;h++;hm;inl;inc;ipp;xsd</Extensions>
    </Filter>
    <Filter Include="Resource Files">
      <UniqueIdentifier>{67DA6AB6-F800-4c08-8B7A-83BB121AAD01}</UniqueIdentifier>
      <Extensions>rc;ico;cur;bmp;dlg;rc2;rct;bin;rgs;gif;jpg;jpeg;jpe;resx;tiff;tif;png;wav;mfcribbon-ms</Extensions>
    </Filter>
  </ItemGroup>
  <ItemGroup>
    <ClCompile Include="main.cpp">
      <Filter>Source Files</Filter>
    </ClCompile>
    <ClCompile Include="imgui\imgui.cpp">
      <Filter>Source Files</Filter>
    </ClCompile>
    <ClCompile Include="imgui\imgui_draw.cpp">
      <Filter>Source Files</Filter>
    </ClCompile>
    <ClCompile Include="imgui\imgui_tables.cpp">
      <Filter>Source Files</Filter>
    </ClCompile>
    <ClCompile Include="imgui\imgui_widgets.cpp">
      <Filter>Source Files</Filter>
    </ClCompile>
    <ClCompile Include="imgui\imgui-SFML.cpp">
      <Filter>Source Files</Filter>
    </ClCompile>
    <ClCompile Include="imgui\imgui_demo.cpp">
      <Filter>Source Files</Filter>
    </ClCompile>
    <ClCompile Include="file-loader.cpp">
      <Filter>Source Files</Filter>
    </ClCompile>
    <ClCompile Include="imgui\implot.cpp">
      <Filter>Source Files</Filter>
    </ClCompile>
    <ClCompile Include="imgui\implot_demo.cpp">
      <Filter>Source Files</Filter>
    </ClCompile>
    <ClCompile Include="imgui\implot_items.cpp">
      <Filter>Source Files</Filter>
    </ClCompile>
    <ClCompile Include="zones.cpp">
      <Filter>Source Files</Filter>
    </ClCompile>
    <ClCompile Include="splits.cpp">
      <Filter>Source Files</Filter>
    </ClCompile>
    <ClCompile Include="route.cpp">
      <Filter>Source Files</Filter>
    </ClCompile>
    <ClCompile Include="FitSDK\fit.cpp">
      <Filter>Source Files</Filter>
    </ClCompile>
    <ClCompile Include="FitSDK\fit_accumulated_field.cpp">
      <Filter>Source Files</Filter>
    </ClCompile>
    <ClCompile Include="FitSDK\fit_accumulator.cpp">
      <Filter>Source Files</Filter>
    </ClCompile>
    <ClCompile Include="FitSDK\fit_buffer_encode.cpp">
      <Filter>Source Files</Filter>
    </ClCompile>
    <ClCompile Include="FitSDK\fit_buffered_mesg_broadcaster.cpp">
      <Filter>Source Files</Filter>
    </ClCompile>
    <ClCompile Include="FitSDK\fit_buffered_record_mesg_broadcaster.cpp">
      <Filter>Source Files</Filter>
    </ClCompile>
    <ClCompile Include="FitSDK\fit_crc.cpp">
      <Filter>Source Files</Filter>
    </ClCompile>
    <ClCompile Include="FitSDK\fit_date_time.cpp">
      <Filter>Source Files</Filter>
    </ClCompile>
    <ClCompile Include="FitSDK\fit_decode.cpp">
      <Filter>Source Files</Filter>
    </ClCompile>
    <ClCompile Include="FitSDK\fit_developer_field.cpp">
      <Filter>Source Files</Filter>
    </ClCompile>
    <ClCompile Include="FitSDK\fit_developer_field_definition.cpp">
      <Filter>Source Files</Filter>
    </ClCompile>
    <ClCompile Include="FitSDK\fit_developer_field_description.cpp">
      <Filter>Source Files</Filter>
    </ClCompile>
    <ClCompile Include="FitSDK\fit_encode.cpp">
      <Filter>Source Files</Filter>
    </ClCompile>
    <ClCompile Include="FitSDK\fit_factory.cpp">
      <Filter>Source Files</Filter>
    </ClCompile>
    <ClCompile Include="FitSDK\fit_field.cpp">
      <Filter>Source Files</Filter>
    </ClCompile>
    <ClCompile Include="FitSDK\fit_field_base.cpp">
      <Filter>Source Files</Filter>
    </ClCompile>
    <ClCompile Include="FitSDK\fit_field_definition.cpp">
      <Filter>Source Files</Filter>
    </ClCompile>
    <ClCompile Include="FitSDK\fit_mesg.cpp">
      <Filter>Source Files</Filter>
    </ClCompile>
    <ClCompile Include="FitSDK\fit_mesg_broadcaster.cpp">
      <Filter>Source Files</Filter>
    </ClCompile>
    <ClCompile Include="FitSDK\fit_mesg_definition.cpp">
      <Filter>Source Files</Filter>
    </ClCompile>
    <ClCompile Include="FitSDK\fit_mesg_with_event_broadcaster.cpp">
      <Filter>Source Files</Filter>
    </ClCompile>
    <ClCompile Include="FitSDK\fit_profile.cpp">
      <Filter>Source Files</Filter>
    </ClCompile>
    <ClCompile Include="FitSDK\fit_protocol_validator.cpp">
      <Filter>Source Files</Filter>
    </ClCompile>
    <ClCompile Include="FitSDK\fit_unicode.cpp">
      <Filter>Source Files</Filter>
    </ClCompile>
    <ClCompile Include="Listener.cpp">
      <Filter>Source Files</Filter>
    </ClCompile>
  </ItemGroup>
  <ItemGroup>
    <ClInclude Include="imgui\imconfig.h">
      <Filter>Header Files</Filter>
    </ClInclude>
    <ClInclude Include="imgui\imconfig-SFML.h">
      <Filter>Header Files</Filter>
    </ClInclude>
    <ClInclude Include="imgui\imgui.h">
      <Filter>Header Files</Filter>
    </ClInclude>
    <ClInclude Include="imgui\imgui_internal.h">
      <Filter>Header Files</Filter>
    </ClInclude>
    <ClInclude Include="imgui\imgui-SFML.h">
      <Filter>Header Files</Filter>
    </ClInclude>
    <ClInclude Include="imgui\imgui-SFML_export.h">
      <Filter>Header Files</Filter>
    </ClInclude>
    <ClInclude Include="imgui\imstb_rectpack.h">
      <Filter>Header Files</Filter>
    </ClInclude>
    <ClInclude Include="imgui\imstb_textedit.h">
      <Filter>Header Files</Filter>
    </ClInclude>
    <ClInclude Include="imgui\imstb_truetype.h">
      <Filter>Header Files</Filter>
    </ClInclude>
    <ClInclude Include="imgui\imfilebrowser.h">
      <Filter>Header Files</Filter>
    </ClInclude>
    <ClInclude Include="core.h">
      <Filter>Header Files</Filter>
    </ClInclude>
    <ClInclude Include="file-loader.h">
      <Filter>Header Files</Filter>
    </ClInclude>
    <ClInclude Include="imgui\implot.h">
      <Filter>Header Files</Filter>
    </ClInclude>
    <ClInclude Include="imgui\implot_internal.h">
      <Filter>Header Files</Filter>
    </ClInclude>
    <ClInclude Include="zones.h">
      <Filter>Header Files</Filter>
    </ClInclude>
    <ClInclude Include="splits.h">
      <Filter>Header Files</Filter>
    </ClInclude>
    <ClInclude Include="route.h">
      <Filter>Header Files</Filter>
    </ClInclude>
    <ClInclude Include="FitSDK\fit.hpp">
      <Filter>Header Files</Filter>
    </ClInclude>
    <ClInclude Include="FitSDK\fit_accelerometer_data_mesg.hpp">
      <Filter>Header Files</Filter>
    </ClInclude>
    <ClInclude Include="FitSDK\fit_accelerometer_data_mesg_listener.hpp">
      <Filter>Header Files</Filter>
    </ClInclude>
    <ClInclude Include="FitSDK\fit_accumulated_field.hpp">
      <Filter>Header Files</Filter>
    </ClInclude>
    <ClInclude Include="FitSDK\fit_accumulator.hpp">
      <Filter>Header Files</Filter>
    </ClInclude>
    <ClInclude Include="FitSDK\fit_activity_mesg.hpp">
      <Filter>Header Files</Filter>
    </ClInclude>
    <ClInclude Include="FitSDK\fit_activity_mesg_listener.hpp">
      <Filter>Header Files</Filter>
    </ClInclude>
    <ClInclude Include="FitSDK\fit_ant_channel_id_mesg.hpp">
      <Filter>Header Files</Filter>
    </ClInclude>
    <ClInclude Include="FitSDK\fit_ant_channel_id_mesg_listener.hpp">
      <Filter>Header Files</Filter>
    </ClInclude>
    <ClInclude Include="FitSDK\fit_ant_rx_mesg.hpp">
      <Filter>Header Files</Filter>
    </ClInclude>
    <ClInclude Include="FitSDK\fit_ant_rx_mesg_listener.hpp">
      <Filter>Header Files</Filter>
    </ClInclude>
    <ClInclude Include="FitSDK\fit_ant_tx_mesg.hpp">
      <Filter>Header Files</Filter>
    </ClInclude>
    <ClInclude Include="FitSDK\fit_ant_tx_mesg_listener.hpp">
      <Filter>Header Files</Filter>
    </ClInclude>
    <ClInclude Include="FitSDK\fit_aviation_attitude_mesg.hpp">
      <Filter>Header Files</Filter>
    </ClInclude>
    <ClInclude Include="FitSDK\fit_aviation_attitude_mesg_listener.hpp">
      <Filter>Header Files</Filter>
    </ClInclude>
    <ClInclude Include="FitSDK\fit_barometer_data_mesg.hpp">
      <Filter>Header Files</Filter>
    </ClInclude>
    <ClInclude Include="FitSDK\fit_barometer_data_mesg_listener.hpp">
      <Filter>Header Files</Filter>
    </ClInclude>
    <ClInclude Include="FitSDK\fit_beat_intervals_mesg.hpp">
      <Filter>Header Files</Filter>
    </ClInclude>
    <ClInclude Include="FitSDK\fit_beat_intervals_mesg_listener.hpp">
      <Filter>Header Files</Filter>
    </ClInclude>
    <ClInclude Include="FitSDK\fit_bike_profile_mesg.hpp">
      <Filter>Header Files</Filter>
    </ClInclude>
    <ClInclude Include="FitSDK\fit_bike_profile_mesg_listener.hpp">
      <Filter>Header Files</Filter>
    </ClInclude>
    <ClInclude Include="FitSDK\fit_blood_pressure_mesg.hpp">
      <Filter>Header Files</Filter>
    </ClInclude>
    <ClInclude Include="FitSDK\fit_blood_pressure_mesg_listener.hpp">
      <Filter>Header Files</Filter>
    </ClInclude>
    <ClInclude Include="FitSDK\fit_buffer_encode.hpp">
      <Filter>Header Files</Filter>
    </ClInclude>
    <ClInclude Include="FitSDK\fit_buffered_mesg_broadcaster.hpp">
      <Filter>Header Files</Filter>
    </ClInclude>
    <ClInclude Include="FitSDK\fit_buffered_record_mesg.hpp">
      <Filter>Header Files</Filter>
    </ClInclude>
    <ClInclude Include="FitSDK\fit_buffered_record_mesg_broadcaster.hpp">
      <Filter>Header Files</Filter>
    </ClInclude>
    <ClInclude Include="FitSDK\fit_buffered_record_mesg_listener.hpp">
      <Filter>Header Files</Filter>
    </ClInclude>
    <ClInclude Include="FitSDK\fit_cadence_zone_mesg.hpp">
      <Filter>Header Files</Filter>
    </ClInclude>
    <ClInclude Include="FitSDK\fit_cadence_zone_mesg_listener.hpp">
      <Filter>Header Files</Filter>
    </ClInclude>
    <ClInclude Include="FitSDK\fit_camera_event_mesg.hpp">
      <Filter>Header Files</Filter>
    </ClInclude>
    <ClInclude Include="FitSDK\fit_camera_event_mesg_listener.hpp">
      <Filter>Header Files</Filter>
    </ClInclude>
    <ClInclude Include="FitSDK\fit_capabilities_mesg.hpp">
      <Filter>Header Files</Filter>
    </ClInclude>
    <ClInclude Include="FitSDK\fit_capabilities_mesg_listener.hpp">
      <Filter>Header Files</Filter>
    </ClInclude>
    <ClInclude Include="FitSDK\fit_climb_pro_mesg.hpp">
      <Filter>Header Files</Filter>
    </ClInclude>
    <ClInclude Include="FitSDK\fit_climb_pro_mesg_listener.hpp">
      <Filter>Header Files</Filter>
    </ClInclude>
    <ClInclude Include="FitSDK\fit_config.hpp">
      <Filter>Header Files</Filter>
    </ClInclude>
    <ClInclude Include="FitSDK\fit_connectivity_mesg.hpp">
      <Filter>Header Files</Filter>
    </ClInclude>
    <ClInclude Include="FitSDK\fit_connectivity_mesg_listener.hpp">
      <Filter>Header Files</Filter>
    </ClInclude>
    <ClInclude Include="FitSDK\fit_course_mesg.hpp">
      <Filter>Header Files</Filter>
    </ClInclude>
    <ClInclude Include="FitSDK\fit_course_mesg_listener.hpp">
      <Filter>Header Files</Filter>
    </ClInclude>
    <ClInclude Include="FitSDK\fit_course_point_mesg.hpp">
      <Filter>Header Files</Filter>
    </ClInclude>
    <ClInclude Include="FitSDK\fit_course_point_mesg_listener.hpp">
      <Filter>Header Files</Filter>
    </ClInclude>
    <ClInclude Include="FitSDK\fit_crc.hpp">
      <Filter>Header Files</Filter>
    </ClInclude>
    <ClInclude Include="FitSDK\fit_date_time.hpp">
      <Filter>Header Files</Filter>
    </ClInclude>
    <ClInclude Include="FitSDK\fit_decode.hpp">
      <Filter>Header Files</Filter>
    </ClInclude>
    <ClInclude Include="FitSDK\fit_developer_data_id_mesg.hpp">
      <Filter>Header Files</Filter>
    </ClInclude>
    <ClInclude Include="FitSDK\fit_developer_data_id_mesg_listener.hpp">
      <Filter>Header Files</Filter>
    </ClInclude>
    <ClInclude Include="FitSDK\fit_developer_field.hpp">
      <Filter>Header Files</Filter>
    </ClInclude>
    <ClInclude Include="FitSDK\fit_developer_field_definition.hpp">
      <Filter>Header Files</Filter>
    </ClInclude>
    <ClInclude Include="FitSDK\fit_developer_field_description.hpp">
      <Filter>Header Files</Filter>
    </ClInclude>
    <ClInclude Include="FitSDK\fit_developer_field_description_listener.hpp">
      <Filter>Header Files</Filter>
    </ClInclude>
    <ClInclude Include="FitSDK\fit_device_aux_battery_info_mesg.hpp">
      <Filter>Header Files</Filter>
    </ClInclude>
    <ClInclude Include="FitSDK\fit_device_aux_battery_info_mesg_listener.hpp">
      <Filter>Header Files</Filter>
    </ClInclude>
    <ClInclude Include="FitSDK\fit_device_info_mesg.hpp">
      <Filter>Header Files</Filter>
    </ClInclude>
    <ClInclude Include="FitSDK\fit_device_info_mesg_listener.hpp">
      <Filter>Header Files</Filter>
    </ClInclude>
    <ClInclude Include="FitSDK\fit_device_settings_mesg.hpp">
      <Filter>Header Files</Filter>
    </ClInclude>
    <ClInclude Include="FitSDK\fit_device_settings_mesg_listener.hpp">
      <Filter>Header Files</Filter>
    </ClInclude>
    <ClInclude Include="FitSDK\fit_dive_alarm_mesg.hpp">
      <Filter>Header Files</Filter>
    </ClInclude>
    <ClInclude Include="FitSDK\fit_dive_alarm_mesg_listener.hpp">
      <Filter>Header Files</Filter>
    </ClInclude>
    <ClInclude Include="FitSDK\fit_dive_apnea_alarm_mesg.hpp">
      <Filter>Header Files</Filter>
    </ClInclude>
    <ClInclude Include="FitSDK\fit_dive_apnea_alarm_mesg_listener.hpp">
      <Filter>Header Files</Filter>
    </ClInclude>
    <ClInclude Include="FitSDK\fit_dive_gas_mesg.hpp">
      <Filter>Header Files</Filter>
    </ClInclude>
    <ClInclude Include="FitSDK\fit_dive_gas_mesg_listener.hpp">
      <Filter>Header Files</Filter>
    </ClInclude>
    <ClInclude Include="FitSDK\fit_dive_settings_mesg.hpp">
      <Filter>Header Files</Filter>
    </ClInclude>
    <ClInclude Include="FitSDK\fit_dive_settings_mesg_listener.hpp">
      <Filter>Header Files</Filter>
    </ClInclude>
    <ClInclude Include="FitSDK\fit_dive_summary_mesg.hpp">
      <Filter>Header Files</Filter>
    </ClInclude>
    <ClInclude Include="FitSDK\fit_dive_summary_mesg_listener.hpp">
      <Filter>Header Files</Filter>
    </ClInclude>
    <ClInclude Include="FitSDK\fit_encode.hpp">
      <Filter>Header Files</Filter>
    </ClInclude>
    <ClInclude Include="FitSDK\fit_event_mesg.hpp">
      <Filter>Header Files</Filter>
    </ClInclude>
    <ClInclude Include="FitSDK\fit_event_mesg_listener.hpp">
      <Filter>Header Files</Filter>
    </ClInclude>
    <ClInclude Include="FitSDK\fit_exd_data_concept_configuration_mesg.hpp">
      <Filter>Header Files</Filter>
    </ClInclude>
    <ClInclude Include="FitSDK\fit_exd_data_concept_configuration_mesg_listener.hpp">
      <Filter>Header Files</Filter>
    </ClInclude>
    <ClInclude Include="FitSDK\fit_exd_data_field_configuration_mesg.hpp">
      <Filter>Header Files</Filter>
    </ClInclude>
    <ClInclude Include="FitSDK\fit_exd_data_field_configuration_mesg_listener.hpp">
      <Filter>Header Files</Filter>
    </ClInclude>
    <ClInclude Include="FitSDK\fit_exd_screen_configuration_mesg.hpp">
      <Filter>Header Files</Filter>
    </ClInclude>
    <ClInclude Include="FitSDK\fit_exd_screen_configuration_mesg_listener.hpp">
      <Filter>Header Files</Filter>
    </ClInclude>
    <ClInclude Include="FitSDK\fit_exercise_title_mesg.hpp">
      <Filter>Header Files</Filter>
    </ClInclude>
    <ClInclude Include="FitSDK\fit_exercise_title_mesg_listener.hpp">
      <Filter>Header Files</Filter>
    </ClInclude>
    <ClInclude Include="FitSDK\fit_factory.hpp">
      <Filter>Header Files</Filter>
    </ClInclude>
    <ClInclude Include="FitSDK\fit_field.hpp">
      <Filter>Header Files</Filter>
    </ClInclude>
    <ClInclude Include="FitSDK\fit_field_base.hpp">
      <Filter>Header Files</Filter>
    </ClInclude>
    <ClInclude Include="FitSDK\fit_field_capabilities_mesg.hpp">
      <Filter>Header Files</Filter>
    </ClInclude>
    <ClInclude Include="FitSDK\fit_field_capabilities_mesg_listener.hpp">
      <Filter>Header Files</Filter>
    </ClInclude>
    <ClInclude Include="FitSDK\fit_field_definition.hpp">
      <Filter>Header Files</Filter>
    </ClInclude>
    <ClInclude Include="FitSDK\fit_field_description_mesg.hpp">
      <Filter>Header Files</Filter>
    </ClInclude>
    <ClInclude Include="FitSDK\fit_field_description_mesg_listener.hpp">
      <Filter>Header Files</Filter>
    </ClInclude>
    <ClInclude Include="FitSDK\fit_file_capabilities_mesg.hpp">
      <Filter>Header Files</Filter>
    </ClInclude>
    <ClInclude Include="FitSDK\fit_file_capabilities_mesg_listener.hpp">
      <Filter>Header Files</Filter>
    </ClInclude>
    <ClInclude Include="FitSDK\fit_file_creator_mesg.hpp">
      <Filter>Header Files</Filter>
    </ClInclude>
    <ClInclude Include="FitSDK\fit_file_creator_mesg_listener.hpp">
      <Filter>Header Files</Filter>
    </ClInclude>
    <ClInclude Include="FitSDK\fit_file_id_mesg.hpp">
      <Filter>Header Files</Filter>
    </ClInclude>
    <ClInclude Include="FitSDK\fit_file_id_mesg_listener.hpp">
      <Filter>Header Files</Filter>
    </ClInclude>
    <ClInclude Include="FitSDK\fit_goal_mesg.hpp">
      <Filter>Header Files</Filter>
    </ClInclude>
    <ClInclude Include="FitSDK\fit_goal_mesg_listener.hpp">
      <Filter>Header Files</Filter>
    </ClInclude>
    <ClInclude Include="FitSDK\fit_gps_metadata_mesg.hpp">
      <Filter>Header Files</Filter>
    </ClInclude>
    <ClInclude Include="FitSDK\fit_gps_metadata_mesg_listener.hpp">
      <Filter>Header Files</Filter>
    </ClInclude>
    <ClInclude Include="FitSDK\fit_gyroscope_data_mesg.hpp">
      <Filter>Header Files</Filter>
    </ClInclude>
    <ClInclude Include="FitSDK\fit_gyroscope_data_mesg_listener.hpp">
      <Filter>Header Files</Filter>
    </ClInclude>
    <ClInclude Include="FitSDK\fit_hr_mesg.hpp">
      <Filter>Header Files</Filter>
    </ClInclude>
    <ClInclude Include="FitSDK\fit_hr_mesg_listener.hpp">
      <Filter>Header Files</Filter>
    </ClInclude>
    <ClInclude Include="FitSDK\fit_hr_zone_mesg.hpp">
      <Filter>Header Files</Filter>
    </ClInclude>
    <ClInclude Include="FitSDK\fit_hr_zone_mesg_listener.hpp">
      <Filter>Header Files</Filter>
    </ClInclude>
    <ClInclude Include="FitSDK\fit_hrm_profile_mesg.hpp">
      <Filter>Header Files</Filter>
    </ClInclude>
    <ClInclude Include="FitSDK\fit_hrm_profile_mesg_listener.hpp">
      <Filter>Header Files</Filter>
    </ClInclude>
    <ClInclude Include="FitSDK\fit_hrv_mesg.hpp">
      <Filter>Header Files</Filter>
    </ClInclude>
    <ClInclude Include="FitSDK\fit_hrv_mesg_listener.hpp">
      <Filter>Header Files</Filter>
    </ClInclude>
    <ClInclude Include="FitSDK\fit_hrv_status_summary_mesg.hpp">
      <Filter>Header Files</Filter>
    </ClInclude>
    <ClInclude Include="FitSDK\fit_hrv_status_summary_mesg_listener.hpp">
      <Filter>Header Files</Filter>
    </ClInclude>
    <ClInclude Include="FitSDK\fit_hrv_value_mesg.hpp">
      <Filter>Header Files</Filter>
    </ClInclude>
    <ClInclude Include="FitSDK\fit_hrv_value_mesg_listener.hpp">
      <Filter>Header Files</Filter>
    </ClInclude>
    <ClInclude Include="FitSDK\fit_jump_mesg.hpp">
      <Filter>Header Files</Filter>
    </ClInclude>
    <ClInclude Include="FitSDK\fit_jump_mesg_listener.hpp">
      <Filter>Header Files</Filter>
    </ClInclude>
    <ClInclude Include="FitSDK\fit_lap_mesg.hpp">
      <Filter>Header Files</Filter>
    </ClInclude>
    <ClInclude Include="FitSDK\fit_lap_mesg_listener.hpp">
      <Filter>Header Files</Filter>
    </ClInclude>
    <ClInclude Include="FitSDK\fit_length_mesg.hpp">
      <Filter>Header Files</Filter>
    </ClInclude>
    <ClInclude Include="FitSDK\fit_length_mesg_listener.hpp">
      <Filter>Header Files</Filter>
    </ClInclude>
    <ClInclude Include="FitSDK\fit_magnetometer_data_mesg.hpp">
      <Filter>Header Files</Filter>
    </ClInclude>
    <ClInclude Include="FitSDK\fit_magnetometer_data_mesg_listener.hpp">
      <Filter>Header Files</Filter>
    </ClInclude>
    <ClInclude Include="FitSDK\fit_max_met_data_mesg.hpp">
      <Filter>Header Files</Filter>
    </ClInclude>
    <ClInclude Include="FitSDK\fit_max_met_data_mesg_listener.hpp">
      <Filter>Header Files</Filter>
    </ClInclude>
    <ClInclude Include="FitSDK\fit_memo_glob_mesg.hpp">
      <Filter>Header Files</Filter>
    </ClInclude>
    <ClInclude Include="FitSDK\fit_memo_glob_mesg_listener.hpp">
      <Filter>Header Files</Filter>
    </ClInclude>
    <ClInclude Include="FitSDK\fit_mesg.hpp">
      <Filter>Header Files</Filter>
    </ClInclude>
    <ClInclude Include="FitSDK\fit_mesg_broadcast_plugin.hpp">
      <Filter>Header Files</Filter>
    </ClInclude>
    <ClInclude Include="FitSDK\fit_mesg_broadcaster.hpp">
      <Filter>Header Files</Filter>
    </ClInclude>
    <ClInclude Include="FitSDK\fit_mesg_capabilities_mesg.hpp">
      <Filter>Header Files</Filter>
    </ClInclude>
    <ClInclude Include="FitSDK\fit_mesg_capabilities_mesg_listener.hpp">
      <Filter>Header Files</Filter>
    </ClInclude>
    <ClInclude Include="FitSDK\fit_mesg_definition.hpp">
      <Filter>Header Files</Filter>
    </ClInclude>
    <ClInclude Include="FitSDK\fit_mesg_definition_listener.hpp">
      <Filter>Header Files</Filter>
    </ClInclude>
    <ClInclude Include="FitSDK\fit_mesg_listener.hpp">
      <Filter>Header Files</Filter>
    </ClInclude>
    <ClInclude Include="FitSDK\fit_mesg_with_event.hpp">
      <Filter>Header Files</Filter>
    </ClInclude>
    <ClInclude Include="FitSDK\fit_mesg_with_event_broadcaster.hpp">
      <Filter>Header Files</Filter>
    </ClInclude>
    <ClInclude Include="FitSDK\fit_mesg_with_event_listener.hpp">
      <Filter>Header Files</Filter>
    </ClInclude>
    <ClInclude Include="FitSDK\fit_met_zone_mesg.hpp">
      <Filter>Header Files</Filter>
    </ClInclude>
    <ClInclude Include="FitSDK\fit_met_zone_mesg_listener.hpp">
      <Filter>Header Files</Filter>
    </ClInclude>
    <ClInclude Include="FitSDK\fit_monitoring_hr_data_mesg.hpp">
      <Filter>Header Files</Filter>
    </ClInclude>
    <ClInclude Include="FitSDK\fit_monitoring_hr_data_mesg_listener.hpp">
      <Filter>Header Files</Filter>
    </ClInclude>
    <ClInclude Include="FitSDK\fit_monitoring_info_mesg.hpp">
      <Filter>Header Files</Filter>
    </ClInclude>
    <ClInclude Include="FitSDK\fit_monitoring_info_mesg_listener.hpp">
      <Filter>Header Files</Filter>
    </ClInclude>
    <ClInclude Include="FitSDK\fit_monitoring_mesg.hpp">
      <Filter>Header Files</Filter>
    </ClInclude>
    <ClInclude Include="FitSDK\fit_monitoring_mesg_listener.hpp">
      <Filter>Header Files</Filter>
    </ClInclude>
    <ClInclude Include="FitSDK\fit_nmea_sentence_mesg.hpp">
      <Filter>Header Files</Filter>
    </ClInclude>
    <ClInclude Include="FitSDK\fit_nmea_sentence_mesg_listener.hpp">
      <Filter>Header Files</Filter>
    </ClInclude>
    <ClInclude Include="FitSDK\fit_obdii_data_mesg.hpp">
      <Filter>Header Files</Filter>
    </ClInclude>
    <ClInclude Include="FitSDK\fit_obdii_data_mesg_listener.hpp">
      <Filter>Header Files</Filter>
    </ClInclude>
    <ClInclude Include="FitSDK\fit_ohr_settings_mesg.hpp">
      <Filter>Header Files</Filter>
    </ClInclude>
    <ClInclude Include="FitSDK\fit_ohr_settings_mesg_listener.hpp">
      <Filter>Header Files</Filter>
    </ClInclude>
    <ClInclude Include="FitSDK\fit_one_d_sensor_calibration_mesg.hpp">
      <Filter>Header Files</Filter>
    </ClInclude>
    <ClInclude Include="FitSDK\fit_one_d_sensor_calibration_mesg_listener.hpp">
      <Filter>Header Files</Filter>
    </ClInclude>
    <ClInclude Include="FitSDK\fit_pad_mesg.hpp">
      <Filter>Header Files</Filter>
    </ClInclude>
    <ClInclude Include="FitSDK\fit_pad_mesg_listener.hpp">
      <Filter>Header Files</Filter>
    </ClInclude>
    <ClInclude Include="FitSDK\fit_power_zone_mesg.hpp">
      <Filter>Header Files</Filter>
    </ClInclude>
    <ClInclude Include="FitSDK\fit_power_zone_mesg_listener.hpp">
      <Filter>Header Files</Filter>
    </ClInclude>
    <ClInclude Include="FitSDK\fit_profile.hpp">
      <Filter>Header Files</Filter>
    </ClInclude>
    <ClInclude Include="FitSDK\fit_protocol_validator.hpp">
      <Filter>Header Files</Filter>
    </ClInclude>
    <ClInclude Include="FitSDK\fit_record_mesg.hpp">
      <Filter>Header Files</Filter>
    </ClInclude>
    <ClInclude Include="FitSDK\fit_record_mesg_listener.hpp">
      <Filter>Header Files</Filter>
    </ClInclude>
    <ClInclude Include="FitSDK\fit_respiration_rate_mesg.hpp">
      <Filter>Header Files</Filter>
    </ClInclude>
    <ClInclude Include="FitSDK\fit_respiration_rate_mesg_listener.hpp">
      <Filter>Header Files</Filter>
    </ClInclude>
    <ClInclude Include="FitSDK\fit_runtime_exception.hpp">
      <Filter>Header Files</Filter>
    </ClInclude>
    <ClInclude Include="FitSDK\fit_schedule_mesg.hpp">
      <Filter>Header Files</Filter>
    </ClInclude>
    <ClInclude Include="FitSDK\fit_schedule_mesg_listener.hpp">
      <Filter>Header Files</Filter>
    </ClInclude>
    <ClInclude Include="FitSDK\fit_sdm_profile_mesg.hpp">
      <Filter>Header Files</Filter>
    </ClInclude>
    <ClInclude Include="FitSDK\fit_sdm_profile_mesg_listener.hpp">
      <Filter>Header Files</Filter>
    </ClInclude>
    <ClInclude Include="FitSDK\fit_segment_file_mesg.hpp">
      <Filter>Header Files</Filter>
    </ClInclude>
    <ClInclude Include="FitSDK\fit_segment_file_mesg_listener.hpp">
      <Filter>Header Files</Filter>
    </ClInclude>
    <ClInclude Include="FitSDK\fit_segment_id_mesg.hpp">
      <Filter>Header Files</Filter>
    </ClInclude>
    <ClInclude Include="FitSDK\fit_segment_id_mesg_listener.hpp">
      <Filter>Header Files</Filter>
    </ClInclude>
    <ClInclude Include="FitSDK\fit_segment_lap_mesg.hpp">
      <Filter>Header Files</Filter>
    </ClInclude>
    <ClInclude Include="FitSDK\fit_segment_lap_mesg_listener.hpp">
      <Filter>Header Files</Filter>
    </ClInclude>
    <ClInclude Include="FitSDK\fit_segment_leaderboard_entry_mesg.hpp">
      <Filter>Header Files</Filter>
    </ClInclude>
    <ClInclude Include="FitSDK\fit_segment_leaderboard_entry_mesg_listener.hpp">
      <Filter>Header Files</Filter>
    </ClInclude>
    <ClInclude Include="FitSDK\fit_segment_point_mesg.hpp">
      <Filter>Header Files</Filter>
    </ClInclude>
    <ClInclude Include="FitSDK\fit_segment_point_mesg_listener.hpp">
      <Filter>Header Files</Filter>
    </ClInclude>
    <ClInclude Include="FitSDK\fit_session_mesg.hpp">
      <Filter>Header Files</Filter>
    </ClInclude>
    <ClInclude Include="FitSDK\fit_session_mesg_listener.hpp">
      <Filter>Header Files</Filter>
    </ClInclude>
    <ClInclude Include="FitSDK\fit_set_mesg.hpp">
      <Filter>Header Files</Filter>
    </ClInclude>
    <ClInclude Include="FitSDK\fit_set_mesg_listener.hpp">
      <Filter>Header Files</Filter>
    </ClInclude>
    <ClInclude Include="FitSDK\fit_slave_device_mesg.hpp">
      <Filter>Header Files</Filter>
    </ClInclude>
    <ClInclude Include="FitSDK\fit_slave_device_mesg_listener.hpp">
      <Filter>Header Files</Filter>
    </ClInclude>
    <ClInclude Include="FitSDK\fit_sleep_assessment_mesg.hpp">
      <Filter>Header Files</Filter>
    </ClInclude>
    <ClInclude Include="FitSDK\fit_sleep_assessment_mesg_listener.hpp">
      <Filter>Header Files</Filter>
    </ClInclude>
    <ClInclude Include="FitSDK\fit_sleep_level_mesg.hpp">
      <Filter>Header Files</Filter>
    </ClInclude>
    <ClInclude Include="FitSDK\fit_sleep_level_mesg_listener.hpp">
      <Filter>Header Files</Filter>
    </ClInclude>
    <ClInclude Include="FitSDK\fit_software_mesg.hpp">
      <Filter>Header Files</Filter>
    </ClInclude>
    <ClInclude Include="FitSDK\fit_software_mesg_listener.hpp">
      <Filter>Header Files</Filter>
    </ClInclude>
    <ClInclude Include="FitSDK\fit_speed_zone_mesg.hpp">
      <Filter>Header Files</Filter>
    </ClInclude>
    <ClInclude Include="FitSDK\fit_speed_zone_mesg_listener.hpp">
      <Filter>Header Files</Filter>
    </ClInclude>
    <ClInclude Include="FitSDK\fit_split_mesg.hpp">
      <Filter>Header Files</Filter>
    </ClInclude>
    <ClInclude Include="FitSDK\fit_split_mesg_listener.hpp">
      <Filter>Header Files</Filter>
    </ClInclude>
    <ClInclude Include="FitSDK\fit_spo2_data_mesg.hpp">
      <Filter>Header Files</Filter>
    </ClInclude>
    <ClInclude Include="FitSDK\fit_spo2_data_mesg_listener.hpp">
      <Filter>Header Files</Filter>
    </ClInclude>
    <ClInclude Include="FitSDK\fit_sport_mesg.hpp">
      <Filter>Header Files</Filter>
    </ClInclude>
    <ClInclude Include="FitSDK\fit_sport_mesg_listener.hpp">
      <Filter>Header Files</Filter>
    </ClInclude>
    <ClInclude Include="FitSDK\fit_stress_level_mesg.hpp">
      <Filter>Header Files</Filter>
    </ClInclude>
    <ClInclude Include="FitSDK\fit_stress_level_mesg_listener.hpp">
      <Filter>Header Files</Filter>
    </ClInclude>
    <ClInclude Include="FitSDK\fit_tank_summary_mesg.hpp">
      <Filter>Header Files</Filter>
    </ClInclude>
    <ClInclude Include="FitSDK\fit_tank_summary_mesg_listener.hpp">
      <Filter>Header Files</Filter>
    </ClInclude>
    <ClInclude Include="FitSDK\fit_tank_update_mesg.hpp">
      <Filter>Header Files</Filter>
    </ClInclude>
    <ClInclude Include="FitSDK\fit_tank_update_mesg_listener.hpp">
      <Filter>Header Files</Filter>
    </ClInclude>
    <ClInclude Include="FitSDK\fit_three_d_sensor_calibration_mesg.hpp">
      <Filter>Header Files</Filter>
    </ClInclude>
    <ClInclude Include="FitSDK\fit_three_d_sensor_calibration_mesg_listener.hpp">
      <Filter>Header Files</Filter>
    </ClInclude>
    <ClInclude Include="FitSDK\fit_time_in_zone_mesg.hpp">
      <Filter>Header Files</Filter>
    </ClInclude>
    <ClInclude Include="FitSDK\fit_time_in_zone_mesg_listener.hpp">
      <Filter>Header Files</Filter>
    </ClInclude>
    <ClInclude Include="FitSDK\fit_timestamp_correlation_mesg.hpp">
      <Filter>Header Files</Filter>
    </ClInclude>
    <ClInclude Include="FitSDK\fit_timestamp_correlation_mesg_listener.hpp">
      <Filter>Header Files</Filter>
    </ClInclude>
    <ClInclude Include="FitSDK\fit_totals_mesg.hpp">
      <Filter>Header Files</Filter>
    </ClInclude>
    <ClInclude Include="FitSDK\fit_totals_mesg_listener.hpp">
      <Filter>Header Files</Filter>
    </ClInclude>
    <ClInclude Include="FitSDK\fit_training_file_mesg.hpp">
      <Filter>Header Files</Filter>
    </ClInclude>
    <ClInclude Include="FitSDK\fit_training_file_mesg_listener.hpp">
      <Filter>Header Files</Filter>
    </ClInclude>
    <ClInclude Include="FitSDK\fit_unicode.hpp">
      <Filter>Header Files</Filter>
    </ClInclude>
    <ClInclude Include="FitSDK\fit_user_profile_mesg.hpp">
      <Filter>Header Files</Filter>
    </ClInclude>
    <ClInclude Include="FitSDK\fit_user_profile_mesg_listener.hpp">
      <Filter>Header Files</Filter>
    </ClInclude>
    <ClInclude Include="FitSDK\fit_video_clip_mesg.hpp">
      <Filter>Header Files</Filter>
    </ClInclude>
    <ClInclude Include="FitSDK\fit_video_clip_mesg_listener.hpp">
      <Filter>Header Files</Filter>
    </ClInclude>
    <ClInclude Include="FitSDK\fit_video_description_mesg.hpp">
      <Filter>Header Files</Filter>
    </ClInclude>
    <ClInclude Include="FitSDK\fit_video_description_mesg_listener.hpp">
      <Filter>Header Files</Filter>
    </ClInclude>
    <ClInclude Include="FitSDK\fit_video_frame_mesg.hpp">
      <Filter>Header Files</Filter>
    </ClInclude>
    <ClInclude Include="FitSDK\fit_video_frame_mesg_listener.hpp">
      <Filter>Header Files</Filter>
    </ClInclude>
    <ClInclude Include="FitSDK\fit_video_mesg.hpp">
      <Filter>Header Files</Filter>
    </ClInclude>
    <ClInclude Include="FitSDK\fit_video_mesg_listener.hpp">
      <Filter>Header Files</Filter>
    </ClInclude>
    <ClInclude Include="FitSDK\fit_video_title_mesg.hpp">
      <Filter>Header Files</Filter>
    </ClInclude>
    <ClInclude Include="FitSDK\fit_video_title_mesg_listener.hpp">
      <Filter>Header Files</Filter>
    </ClInclude>
    <ClInclude Include="FitSDK\fit_watchface_settings_mesg.hpp">
      <Filter>Header Files</Filter>
    </ClInclude>
    <ClInclude Include="FitSDK\fit_watchface_settings_mesg_listener.hpp">
      <Filter>Header Files</Filter>
    </ClInclude>
    <ClInclude Include="FitSDK\fit_weather_alert_mesg.hpp">
      <Filter>Header Files</Filter>
    </ClInclude>
    <ClInclude Include="FitSDK\fit_weather_alert_mesg_listener.hpp">
      <Filter>Header Files</Filter>
    </ClInclude>
    <ClInclude Include="FitSDK\fit_weather_conditions_mesg.hpp">
      <Filter>Header Files</Filter>
    </ClInclude>
    <ClInclude Include="FitSDK\fit_weather_conditions_mesg_listener.hpp">
      <Filter>Header Files</Filter>
    </ClInclude>
    <ClInclude Include="FitSDK\fit_weight_scale_mesg.hpp">
      <Filter>Header Files</Filter>
    </ClInclude>
    <ClInclude Include="FitSDK\fit_weight_scale_mesg_listener.hpp">
      <Filter>Header Files</Filter>
    </ClInclude>
    <ClInclude Include="FitSDK\fit_workout_mesg.hpp">
      <Filter>Header Files</Filter>
    </ClInclude>
    <ClInclude Include="FitSDK\fit_workout_mesg_listener.hpp">
      <Filter>Header Files</Filter>
    </ClInclude>
    <ClInclude Include="FitSDK\fit_workout_session_mesg.hpp">
      <Filter>Header Files</Filter>
    </ClInclude>
    <ClInclude Include="FitSDK\fit_workout_session_mesg_listener.hpp">
      <Filter>Header Files</Filter>
    </ClInclude>
    <ClInclude Include="FitSDK\fit_workout_step_mesg.hpp">
      <Filter>Header Files</Filter>
    </ClInclude>
    <ClInclude Include="FitSDK\fit_workout_step_mesg_listener.hpp">
      <Filter>Header Files</Filter>
    </ClInclude>
    <ClInclude Include="FitSDK\fit_zones_target_mesg.hpp">
      <Filter>Header Files</Filter>
    </ClInclude>
    <ClInclude Include="FitSDK\fit_zones_target_mesg_listener.hpp">
      <Filter>Header Files</Filter>
    </ClInclude>
    <ClInclude Include="fit-file-data.h">
      <Filter>Header Files</Filter>
    </ClInclude>
    <ClInclude Include="Listener.h">
      <Filter>Header Files</Filter>
    </ClInclude>
  </ItemGroup>
</Project>